
Microsoft Visual Studio Solution File, Format Version 12.00
# Visual Studio 15
VisualStudioVersion = 15.0.28307.1525
MinimumVisualStudioVersion = 10.0.40219.1
Project("{FAE04EC0-301F-11D3-BF4B-00C04F79EFBC}") = "DataBind", "DataBind\DataBind.csproj", "{61C20627-E239-4B9C-92C0-052E451152BF}"
EndProject
Global
	GlobalSection(SolutionConfigurationPlatforms) = preSolution
		Debug|Any CPU = Debug|Any CPU
		Release|Any CPU = Release|Any CPU
	EndGlobalSection
	GlobalSection(ProjectConfigurationPlatforms) = postSolution
		{61C20627-E239-4B9C-92C0-052E451152BF}.Debug|Any CPU.ActiveCfg = Debug|Any CPU
		{61C20627-E239-4B9C-92C0-052E451152BF}.Debug|Any CPU.Build.0 = Debug|Any CPU
		{61C20627-E239-4B9C-92C0-052E451152BF}.Release|Any CPU.ActiveCfg = Release|Any CPU
		{61C20627-E239-4B9C-92C0-052E451152BF}.Release|Any CPU.Build.0 = Release|Any CPU
	EndGlobalSection
	GlobalSection(SolutionProperties) = preSolution
		HideSolutionNode = FALSE
	EndGlobalSection
	GlobalSection(ExtensibilityGlobals) = postSolution
		SolutionGuid = {A898689A-7342-4AE5-A69D-F6E42488F08F}
	EndGlobalSection
EndGlobal
