
Microsoft Visual Studio Solution File, Format Version 12.00
# Visual Studio 15
VisualStudioVersion = 15.0.28307.1525
MinimumVisualStudioVersion = 10.0.40219.1
Project("{FAE04EC0-301F-11D3-BF4B-00C04F79EFBC}") = "PanelBase", "PanelBase\PanelBase.csproj", "{4573DE65-298F-4DC7-AF12-89FBC971B165}"
EndProject
Global
	GlobalSection(SolutionConfigurationPlatforms) = preSolution
		Debug|Any CPU = Debug|Any CPU
		Release|Any CPU = Release|Any CPU
	EndGlobalSection
	GlobalSection(ProjectConfigurationPlatforms) = postSolution
		{4573DE65-298F-4DC7-AF12-89FBC971B165}.Debug|Any CPU.ActiveCfg = Debug|Any CPU
		{4573DE65-298F-4DC7-AF12-89FBC971B165}.Debug|Any CPU.Build.0 = Debug|Any CPU
		{4573DE65-298F-4DC7-AF12-89FBC971B165}.Release|Any CPU.ActiveCfg = Release|Any CPU
		{4573DE65-298F-4DC7-AF12-89FBC971B165}.Release|Any CPU.Build.0 = Release|Any CPU
	EndGlobalSection
	GlobalSection(SolutionProperties) = preSolution
		HideSolutionNode = FALSE
	EndGlobalSection
	GlobalSection(ExtensibilityGlobals) = postSolution
		SolutionGuid = {223B7BF3-8D8D-4ED8-B1A5-7813AFCFAA92}
	EndGlobalSection
EndGlobal
